schema: '2.0'
stages:
  data_ingestion:
    cmd: python src/kidneyDisease/pipeline/stage_01_data_ingestion.py
    deps:
    - path: config/config.yaml
      hash: md5
      md5: 14c8e44005ab534097873ecac5c98b42
      size: 677
    - path: src/kidneyDisease/pipeline/stage_01_data_ingestion.py
      hash: md5
      md5: 19d24cdec54c1356e7889b7f349f00f1
      size: 880
    outs:
    - path: artifacts/data_ingestion/CT-KIDNEY-DATASET-Normal-Cyst-Tumor-Stone
      hash: md5
      md5: 3f3d7f91878e2c95e39d690b5186d077.dir
      size: 731683515
      nfiles: 5476
  prepare_base_model:
    cmd: python src/kidneyDisease/pipeline/stage_02_prepare_base_model.py
    deps:
    - path: config/config.yaml
      hash: md5
      md5: 14c8e44005ab534097873ecac5c98b42
      size: 677
    - path: src/kidneyDisease/pipeline/stage_02_prepare_base_model.py
      hash: md5
      md5: 574b8bb36c15c7ed4edd004d1a4dc5d6
      size: 2113
    params:
      params.yaml:
        CLASSES: 4
        IMAGE_SIZE:
        - 224
        - 224
        - 3
        INCLUDE_TOP: false
        LEARNING_RATE: 0.01
        WEIGHTS: imagenet
    outs:
    - path: artifacts/prepare_base_model/base_model_updated.h5
      hash: md5
      md5: 777ced0e9d191c0dd979b2244f9ef779
      size: 59742192
  training:
    cmd: python src/kidneyDisease/pipeline/stage_03_model_training.py
    deps:
    - path: artifacts/data_ingestion/CT-KIDNEY-DATASET-Normal-Cyst-Tumor-Stone
      hash: md5
      md5: 3f3d7f91878e2c95e39d690b5186d077.dir
      size: 731683515
      nfiles: 5476
    - path: artifacts/prepare_base_model
      hash: md5
      md5: 84f3f0004fc06e9e4284c00222dd262f.dir
      size: 118662616
      nfiles: 2
    - path: config/config.yaml
      hash: md5
      md5: 14c8e44005ab534097873ecac5c98b42
      size: 677
    - path: src/kidneyDisease/pipeline/stage_03_model_training.py
      hash: md5
      md5: ebb224fff3119cbec5922e37ec646b1b
      size: 885
    params:
      params.yaml:
        AUGMENTATION: true
        BATCH_SIZE: 16
        EPOCHS: 8
        IMAGE_SIZE:
        - 224
        - 224
        - 3
    outs:
    - path: artifacts/training/model.h5
      hash: md5
      md5: 77fee992a0d81cf8c153f9c5056d6d33
      size: 178715632
  evaluation:
    cmd: python src/kidneyDisease/pipeline/stage_4_Model_Evaluation.py
    deps:
    - path: artifacts/data_ingestion/CT-KIDNEY-DATASET-Normal-Cyst-Tumor-Stone
      hash: md5
      md5: 3f3d7f91878e2c95e39d690b5186d077.dir
      size: 731683515
      nfiles: 5476
    - path: artifacts/training/model.h5
      hash: md5
      md5: 77fee992a0d81cf8c153f9c5056d6d33
      size: 178715632
    - path: config/config.yaml
      hash: md5
      md5: 14c8e44005ab534097873ecac5c98b42
      size: 677
    - path: src/kidneyDisease/pipeline/stage_4_Model_Evaluation.py
      hash: md5
      md5: fd859024bb89529cdf49d9ed38706c7e
      size: 892
    params:
      params.yaml:
        BATCH_SIZE: 16
        IMAGE_SIZE:
        - 224
        - 224
        - 3
    outs:
    - path: score.json
      hash: md5
      md5: 0452dfd92443c78a949b8052f0c008ad
      size: 56
